# THIS IS AN AUTOGENERATED FILE. DO NOT EDIT THIS FILE DIRECTLY.
# yarn lockfile v1


object-path@^0.11.4:
  version "0.11.5"
  resolved "https://registry.yarnpkg.com/object-path/-/object-path-0.11.5.tgz#d4e3cf19601a5140a55a16ad712019a9c50b577a"
  integrity sha512-jgSbThcoR/s+XumvGMTMf81QVBmah+/Q7K7YduKeKVWL7N111unR2d6pZZarSk6kY/caeNxUDyxOvMWyzoU2eg==

ws@^7.2.1:
  version "7.5.3"
  resolved "https://registry.yarnpkg.com/ws/-/ws-7.5.3.tgz#160835b63c7d97bfab418fc1b8a9fced2ac01a74"
  integrity sha512-kQ/dHIzuLrS6Je9+uv81ueZomEwH0qVYstcAQ4/Z93K8zeko9gtAbttJWzoC5ukqXY1PpoouV3+VSOqEAFt5wg==
